[[package]]
category = "main"
description = "Iterative JSON parser with standard Python iterator interfaces"
name = "ijson"
optional = false
python-versions = "*"
version = "3.1.3"

[metadata]
content-hash = "5469b066fd2126df2cf381d8c15c92acaed351be96f9e210a335d28fc5bfa625"
lock-version = "1.0"
python-versions = "^3.8"

[metadata.files]
ijson = [
    {file = "ijson-3.1.3-cp27-cp27m-macosx_10_9_x86_64.whl", hash = "sha256:e9ab99967f54925d72f26ec332525d1270cb8b6027bd3a54475e6bb862c1ca2c"},
    {file = "ijson-3.1.3-cp27-cp27m-manylinux1_i686.whl", hash = "sha256:f9904ca4cee0ea52f4201accecd97a0208ece1508d00965ce1c669822caf1f6c"},
    {file = "ijson-3.1.3-cp27-cp27m-manylinux1_x86_64.whl", hash = "sha256:6acd0f5794cdd16d99c8df43f9b46052bf7c9d14c330f66aa41bb124130f24ba"},
    {file = "ijson-3.1.3-cp27-cp27m-manylinux2010_i686.whl", hash = "sha256:0c520d462dd2b6de57354bfd6cfe378d11218e8a67d87cff2b1ffe46e421918b"},
    {file = "ijson-3.1.3-cp27-cp27m-manylinux2010_x86_64.whl", hash = "sha256:86bef1aa97f1e2cf779dfdcdd1215d002c2eaf6fed56bbdaefc07d775c3f38a6"},
    {file = "ijson-3.1.3-cp27-cp27mu-manylinux1_i686.whl", hash = "sha256:c654fefd2dc92b8f2c423a905b5b3d8762e09d2e3719ea94f139915fe13cb1b3"},
    {file = "ijson-3.1.3-cp27-cp27mu-manylinux1_x86_64.whl", hash = "sha256:2f139f34d7d515ce0a1a79bc69975fee7d6cb3507ad2635b904afa0227a99c0d"},
    {file = "ijson-3.1.3-cp27-cp27mu-manylinux2010_i686.whl", hash = "sha256:dffa5bc8372845fcec2a6aa02cac15793f99c7fb37f1991bdd875e3695743a2f"},
    {file = "ijson-3.1.3-cp27-cp27mu-manylinux2010_x86_64.whl", hash = "sha256:479a234ec969d3293c2a9019d3cb6e8bbe307c9dcf83ce3602d85faba4ac7f62"},
    {file = "ijson-3.1.3-cp35-cp35m-macosx_10_9_x86_64.whl", hash = "sha256:8acb45ccc58a19a1a6491b06c1031b1b620d7e3eb19025741b34eb453d8b8684"},
    {file = "ijson-3.1.3-cp35-cp35m-manylinux1_i686.whl", hash = "sha256:4f1055660065cf258ac0f64bd5a1371f3c052d812adfe996306bb56167868d1e"},
    {file = "ijson-3.1.3-cp35-cp35m-manylinux1_x86_64.whl", hash = "sha256:605b4a113281715a04230c404218a8513f87ad29fdf1c63176134dfd9cf46625"},
    {file = "ijson-3.1.3-cp35-cp35m-manylinux2010_i686.whl", hash = "sha256:620188455c4baa15d6e61551321b483eff416473a29b55c6afd2640c08c8eadf"},
    {file = "ijson-3.1.3-cp35-cp35m-manylinux2010_x86_64.whl", hash = "sha256:9d1839c0d1dd3cc8e3403260db891b60550fd9a03dd34b8e01c03ea79b972311"},
    {file = "ijson-3.1.3-cp35-cp35m-manylinux2014_aarch64.whl", hash = "sha256:c4f592b4b715d0ea1b1307a8109404759ea5f73ae99ebdf5e000b8392dc9a888"},
    {file = "ijson-3.1.3-cp35-cp35m-win32.whl", hash = "sha256:49847a440319a1adb0b1571c9545b29a7b83101c616be1afe50a976be028a701"},
    {file = "ijson-3.1.3-cp35-cp35m-win_amd64.whl", hash = "sha256:756b615b5796c9c35148905d91fbf81999826509c437ba356bcf766e1a4992dd"},
    {file = "ijson-3.1.3-cp36-cp36m-macosx_10_9_x86_64.whl", hash = "sha256:985c8328d10b642de34fdb664cbfb920786220889dc8ba7b47c4b4d94804ebe0"},
    {file = "ijson-3.1.3-cp36-cp36m-manylinux1_i686.whl", hash = "sha256:aa01cb1c38b2875deca56a5116b91331c3ab24e2ffbc1e6e9c29e4922d469e8f"},
    {file = "ijson-3.1.3-cp36-cp36m-manylinux1_x86_64.whl", hash = "sha256:30011737ccb176886deda8a42fe90664e19411c6e60c6caa020c39042a0fee68"},
    {file = "ijson-3.1.3-cp36-cp36m-manylinux2010_i686.whl", hash = "sha256:0ab2713f85c0cb150a4e15262e8574090c48f27dc99a2bd9db8a98698ad9110f"},
    {file = "ijson-3.1.3-cp36-cp36m-manylinux2010_x86_64.whl", hash = "sha256:78dfa1cae1d68a7dcf834f8d25005be0ac8c9952cc7ae3808de123154c2904da"},
    {file = "ijson-3.1.3-cp36-cp36m-manylinux2014_aarch64.whl", hash = "sha256:198a8ccd80dd3c45278692d64a8aab8f51df4297767d50839ab7a89af50c439e"},
    {file = "ijson-3.1.3-cp36-cp36m-win32.whl", hash = "sha256:c2fd09ad20579699b4faacbdf9c51e049013ed1a3833d8223ea51829205debda"},
    {file = "ijson-3.1.3-cp36-cp36m-win_amd64.whl", hash = "sha256:9a3494b1ee1b037d7cd874d9f3aafc685d5421e23ffc7c8ea3863b7b13c5f4e9"},
    {file = "ijson-3.1.3-cp37-cp37m-macosx_10_9_x86_64.whl", hash = "sha256:4efe4b91ddcfbd14792c73a3075bbe59fd834d57261f48b8be0e47f7891bbb97"},
    {file = "ijson-3.1.3-cp37-cp37m-manylinux1_i686.whl", hash = "sha256:e5f7d08df0968b0e42e2a741413af9b19f3f206484c9be0d01ebca632345fbbd"},
    {file = "ijson-3.1.3-cp37-cp37m-manylinux1_x86_64.whl", hash = "sha256:9e599f37422d5e4b4314eccb4880ab9dfa2669559ac6ac7da3a014f522fa84cc"},
    {file = "ijson-3.1.3-cp37-cp37m-manylinux2010_i686.whl", hash = "sha256:388e7072f7c6bd1dd15551280d823232ba322f41d8c5c4165d890647aad77e89"},
    {file = "ijson-3.1.3-cp37-cp37m-manylinux2010_x86_64.whl", hash = "sha256:e77d3f402e7aadd0decd0b7dc405f554050e230538c82d08d574ea132caeee47"},
    {file = "ijson-3.1.3-cp37-cp37m-manylinux2014_aarch64.whl", hash = "sha256:4ba5fdad0a484294ffa3572c1fa0db42d876e6db6c292ceb6650ee823dc2854c"},
    {file = "ijson-3.1.3-cp37-cp37m-win32.whl", hash = "sha256:03bb436afc44ec5db996d62019a0ed71c35b7d8d7cd730ac9606ff0b1ad78b95"},
    {file = "ijson-3.1.3-cp37-cp37m-win_amd64.whl", hash = "sha256:4673586bfee9811a9f4a03ba13c4ce0eebdeb63da49176b40bf161f0a11500a3"},
    {file = "ijson-3.1.3-cp38-cp38-macosx_10_9_x86_64.whl", hash = "sha256:c1da1662ef35421c74ef162aeadfc9320788eafef8f077b267236373d215525a"},
    {file = "ijson-3.1.3-cp38-cp38-manylinux1_i686.whl", hash = "sha256:4c2c71dd8e347dd2094d4e8a9dc3b961af533278e337d4a0f50a139234d69d3c"},
    {file = "ijson-3.1.3-cp38-cp38-manylinux1_x86_64.whl", hash = "sha256:7a76257a732ed9f0933918b8a327419a8b15978f71d5dde9112ba32d1bf1b671"},
    {file = "ijson-3.1.3-cp38-cp38-manylinux2010_i686.whl", hash = "sha256:250df6183298e00c5201d103c5b83d23472f7db47d3dc518d59f198b42ab9583"},
    {file = "ijson-3.1.3-cp38-cp38-manylinux2010_x86_64.whl", hash = "sha256:5baf497f74d6c9f6581150911560f7d608302ad5036375b2685e35b96d499b81"},
    {file = "ijson-3.1.3-cp38-cp38-manylinux2014_aarch64.whl", hash = "sha256:bb94b124dbe6a77618c02367ee8d0542c3bcc50d4360f45d7e060da980887000"},
    {file = "ijson-3.1.3-cp38-cp38-win32.whl", hash = "sha256:484a4a117a9d4c16b4a60286fa1bb787d757d2ade6a398b1d3a669ba6376ac2d"},
    {file = "ijson-3.1.3-cp38-cp38-win_amd64.whl", hash = "sha256:03329c9077ff4ee67047f8a5b02591ad638ec2a249f50a7e294a8890484f7141"},
    {file = "ijson-3.1.3-cp39-cp39-macosx_10_9_x86_64.whl", hash = "sha256:479ed89d1c42fd45ffb9665e32047e30915ff06c78dacbae3abd708085849905"},
    {file = "ijson-3.1.3-cp39-cp39-manylinux1_i686.whl", hash = "sha256:6490b1cd21ab42850a9f0322dd2b74a04742b7914429c7a3d648cb7e37711922"},
    {file = "ijson-3.1.3-cp39-cp39-manylinux1_x86_64.whl", hash = "sha256:d2621331ec2e45d61c64d8ea956b91fc49ec60c537f23f9a675341b403fca636"},
    {file = "ijson-3.1.3-cp39-cp39-manylinux2010_i686.whl", hash = "sha256:779402d0ece200c988ae4d13c675e969cdef2202071ba6e019d1cd3365e82f60"},
    {file = "ijson-3.1.3-cp39-cp39-manylinux2010_x86_64.whl", hash = "sha256:a3751348538e554a7610dd6935a84951b60a2157190c58e1419d5a66f3584ab4"},
    {file = "ijson-3.1.3-cp39-cp39-manylinux2014_aarch64.whl", hash = "sha256:eee5210682138f6110d0afcae1668e4d5405a2a6f1cf4c1a44da37fd6dcf15fc"},
    {file = "ijson-3.1.3-cp39-cp39-win32.whl", hash = "sha256:f77b58f6492633f0d2a6ed0ac298b0888ec3e7896459b46cf185a89f6c77caa3"},
    {file = "ijson-3.1.3-cp39-cp39-win_amd64.whl", hash = "sha256:abc0069c16f484165b2d57429dff80e62844c29313248766fd26d0bb72595c6b"},
    {file = "ijson-3.1.3-pp27-pypy_73-macosx_10_9_x86_64.whl", hash = "sha256:db2a2a0e07cf1303582ed85c4462e5dac44a7deeea397060ac90e5c100b6f007"},
    {file = "ijson-3.1.3-pp27-pypy_73-manylinux1_x86_64.whl", hash = "sha256:4df28537f95d183ad73938430c8df1ed0949bf2620e36909f1ed571a66ee4e99"},
    {file = "ijson-3.1.3-pp27-pypy_73-manylinux2010_x86_64.whl", hash = "sha256:b3d06b4aa4abbf1b7dc6de1555fcfdc84ed0ea7bbbc1054cdcad76750538d4f7"},
    {file = "ijson-3.1.3-pp36-pypy36_pp73-macosx_10_9_x86_64.whl", hash = "sha256:c438a833ea4db15b29a897181809febbee1e6853e25fdb757f109757c293b984"},
    {file = "ijson-3.1.3-pp36-pypy36_pp73-manylinux1_x86_64.whl", hash = "sha256:7d034a6b756013ad5f55f62f6e4bf9e3bfa1abda55bc0f7b0056fb6001167bb0"},
    {file = "ijson-3.1.3-pp36-pypy36_pp73-manylinux2010_x86_64.whl", hash = "sha256:55052db59a338071db7d27f5f4658b0c57d4c925fe3da2f50c9eb0cc52e719ac"},
    {file = "ijson-3.1.3-pp36-pypy36_pp73-win32.whl", hash = "sha256:f3a0f9738a05eb317a5c96719dfdfa458ecd9af9129b39d470e598fa2ecc6b90"},
    {file = "ijson-3.1.3-pp37-pypy37_pp73-macosx_10_9_x86_64.whl", hash = "sha256:ad0336810a3a47316f0cd423a2e625c52c034c03b01ee4daa6490f619eada39d"},
    {file = "ijson-3.1.3-pp37-pypy37_pp73-manylinux1_x86_64.whl", hash = "sha256:281492f19ace95b8e57d7d418dff128d4cd7bc2615c6a51324c8a051df8f867b"},
    {file = "ijson-3.1.3-pp37-pypy37_pp73-manylinux2010_x86_64.whl", hash = "sha256:28eb24e3b6c4e091f794fbcb63ca84e2e982ec704e76bb5f9de11986bc49aadb"},
    {file = "ijson-3.1.3-pp37-pypy37_pp73-win32.whl", hash = "sha256:4bc833a02d619b3f2c481270edea480bb4f0983e2218be1818a69dc39a3725aa"},
    {file = "ijson-3.1.3.tar.gz", hash = "sha256:d29977f7235b5bf83c372825c6abd8640ba0e3a8e031d3ffc3b63deaf6ae1487"},
]
